
Microsoft Visual Studio Solution File, Format Version 12.00
Project("{FAE04EC0-301F-11D3-BF4B-00C04F79EFBC}") = "DemoFunctionApp", "DemoFunctionApp.csproj", "{E85DA214-BEE1-404B-8A6F-19F4E203F7D4}"
EndProject
Global
	GlobalSection(SolutionConfigurationPlatforms) = preSolution
		Debug|Any CPU = Debug|Any CPU
		Release|Any CPU = Release|Any CPU
	EndGlobalSection
	GlobalSection(ProjectConfigurationPlatforms) = postSolution
		{E85DA214-BEE1-404B-8A6F-19F4E203F7D4}.Debug|Any CPU.ActiveCfg = Debug|Any CPU
		{E85DA214-BEE1-404B-8A6F-19F4E203F7D4}.Debug|Any CPU.Build.0 = Debug|Any CPU
		{E85DA214-BEE1-404B-8A6F-19F4E203F7D4}.Release|Any CPU.ActiveCfg = Release|Any CPU
		{E85DA214-BEE1-404B-8A6F-19F4E203F7D4}.Release|Any CPU.Build.0 = Release|Any CPU
	EndGlobalSection
EndGlobal
